
Microsoft Visual Studio Solution File, Format Version 12.00
# Visual Studio Version 17
VisualStudioVersion = 17.5.33627.172
MinimumVisualStudioVersion = 10.0.40219.1
Project("{FAE04EC0-301F-11D3-BF4B-00C04F79EFBC}") = "WebApplication1", "WebApplication1.csproj", "{4B2D27B5-B1D9-4C80-92DA-67AAC72396D5}"
EndProject
Global
	GlobalSection(SolutionConfigurationPlatforms) = preSolution
		Debug|Any CPU = Debug|Any CPU
		Release|Any CPU = Release|Any CPU
	EndGlobalSection
	GlobalSection(ProjectConfigurationPlatforms) = postSolution
		{4B2D27B5-B1D9-4C80-92DA-67AAC72396D5}.Debug|Any CPU.ActiveCfg = Debug|Any CPU
		{4B2D27B5-B1D9-4C80-92DA-67AAC72396D5}.Debug|Any CPU.Build.0 = Debug|Any CPU
		{4B2D27B5-B1D9-4C80-92DA-67AAC72396D5}.Release|Any CPU.ActiveCfg = Release|Any CPU
		{4B2D27B5-B1D9-4C80-92DA-67AAC72396D5}.Release|Any CPU.Build.0 = Release|Any CPU
	EndGlobalSection
	GlobalSection(SolutionProperties) = preSolution
		HideSolutionNode = FALSE
	EndGlobalSection
	GlobalSection(ExtensibilityGlobals) = postSolution
		SolutionGuid = {88134D93-5DCF-44B8-8A97-FDA588370E6E}
	EndGlobalSection
EndGlobal
