
Microsoft Visual Studio Solution File, Format Version 12.00
# Visual Studio Version 17
VisualStudioVersion = 17.5.33627.172
MinimumVisualStudioVersion = 10.0.40219.1
Project("{FAE04EC0-301F-11D3-BF4B-00C04F79EFBC}") = "DataStructures", "DataStructures.csproj", "{E499AC8D-DED9-4B36-9428-9509D8C82C3F}"
EndProject
Global
	GlobalSection(SolutionConfigurationPlatforms) = preSolution
		Debug|Any CPU = Debug|Any CPU
		Release|Any CPU = Release|Any CPU
	EndGlobalSection
	GlobalSection(ProjectConfigurationPlatforms) = postSolution
		{E499AC8D-DED9-4B36-9428-9509D8C82C3F}.Debug|Any CPU.ActiveCfg = Debug|Any CPU
		{E499AC8D-DED9-4B36-9428-9509D8C82C3F}.Debug|Any CPU.Build.0 = Debug|Any CPU
		{E499AC8D-DED9-4B36-9428-9509D8C82C3F}.Release|Any CPU.ActiveCfg = Release|Any CPU
		{E499AC8D-DED9-4B36-9428-9509D8C82C3F}.Release|Any CPU.Build.0 = Release|Any CPU
	EndGlobalSection
	GlobalSection(SolutionProperties) = preSolution
		HideSolutionNode = FALSE
	EndGlobalSection
	GlobalSection(ExtensibilityGlobals) = postSolution
		SolutionGuid = {E0F22DA2-5AE3-487E-B6B9-DE1DCE8A54AC}
	EndGlobalSection
EndGlobal
